
Microsoft Visual Studio Solution File, Format Version 12.00
# Visual Studio 15
VisualStudioVersion = 15.0.27703.2026
MinimumVisualStudioVersion = 10.0.40219.1
Project("{9A19103F-16F7-4668-BE54-9A1E7A4F7556}") = "PizzaTime", "PizzaTime\PizzaTime\PizzaTime.csproj", "{027554F8-8791-42B2-BB6A-40B49AD5648A}"
	ProjectSection(ProjectDependencies) = postProject
		{2A21E4D1-5691-4237-8746-DA0BD1CC3084} = {2A21E4D1-5691-4237-8746-DA0BD1CC3084}
	EndProjectSection
EndProject
Project("{9A19103F-16F7-4668-BE54-9A1E7A4F7556}") = "DAL", "DAL\DAL.csproj", "{2A21E4D1-5691-4237-8746-DA0BD1CC3084}"
EndProject
Project("{9A19103F-16F7-4668-BE54-9A1E7A4F7556}") = "Tests", "Tests\Tests.csproj", "{DF7DA3DA-0E77-4C9E-AFBC-3BDDF79F2B98}"
EndProject
Project("{FAE04EC0-301F-11D3-BF4B-00C04F79EFBC}") = "AdminUWP", "AdminUWP\AdminUWP.csproj", "{62B7824B-FCB3-425B-95B5-01E1134E6857}"
EndProject
Global
	GlobalSection(SolutionConfigurationPlatforms) = preSolution
		Debug|Any CPU = Debug|Any CPU
		Debug|ARM = Debug|ARM
		Debug|x64 = Debug|x64
		Debug|x86 = Debug|x86
		Release|Any CPU = Release|Any CPU
		Release|ARM = Release|ARM
		Release|x64 = Release|x64
		Release|x86 = Release|x86
	EndGlobalSection
	GlobalSection(ProjectConfigurationPlatforms) = postSolution
		{027554F8-8791-42B2-BB6A-40B49AD5648A}.Debug|Any CPU.ActiveCfg = Debug|Any CPU
		{027554F8-8791-42B2-BB6A-40B49AD5648A}.Debug|Any CPU.Build.0 = Debug|Any CPU
		{027554F8-8791-42B2-BB6A-40B49AD5648A}.Debug|ARM.ActiveCfg = Debug|Any CPU
		{027554F8-8791-42B2-BB6A-40B49AD5648A}.Debug|ARM.Build.0 = Debug|Any CPU
		{027554F8-8791-42B2-BB6A-40B49AD5648A}.Debug|x64.ActiveCfg = Debug|Any CPU
		{027554F8-8791-42B2-BB6A-40B49AD5648A}.Debug|x64.Build.0 = Debug|Any CPU
		{027554F8-8791-42B2-BB6A-40B49AD5648A}.Debug|x86.ActiveCfg = Debug|Any CPU
		{027554F8-8791-42B2-BB6A-40B49AD5648A}.Debug|x86.Build.0 = Debug|Any CPU
		{027554F8-8791-42B2-BB6A-40B49AD5648A}.Release|Any CPU.ActiveCfg = Release|Any CPU
		{027554F8-8791-42B2-BB6A-40B49AD5648A}.Release|Any CPU.Build.0 = Release|Any CPU
		{027554F8-8791-42B2-BB6A-40B49AD5648A}.Release|ARM.ActiveCfg = Release|Any CPU
		{027554F8-8791-42B2-BB6A-40B49AD5648A}.Release|ARM.Build.0 = Release|Any CPU
		{027554F8-8791-42B2-BB6A-40B49AD5648A}.Release|x64.ActiveCfg = Release|Any CPU
		{027554F8-8791-42B2-BB6A-40B49AD5648A}.Release|x64.Build.0 = Release|Any CPU
		{027554F8-8791-42B2-BB6A-40B49AD5648A}.Release|x86.ActiveCfg = Release|Any CPU
		{027554F8-8791-42B2-BB6A-40B49AD5648A}.Release|x86.Build.0 = Release|Any CPU
		{2A21E4D1-5691-4237-8746-DA0BD1CC3084}.Debug|Any CPU.ActiveCfg = Debug|Any CPU
		{2A21E4D1-5691-4237-8746-DA0BD1CC3084}.Debug|Any CPU.Build.0 = Debug|Any CPU
		{2A21E4D1-5691-4237-8746-DA0BD1CC3084}.Debug|ARM.ActiveCfg = Debug|Any CPU
		{2A21E4D1-5691-4237-8746-DA0BD1CC3084}.Debug|ARM.Build.0 = Debug|Any CPU
		{2A21E4D1-5691-4237-8746-DA0BD1CC3084}.Debug|x64.ActiveCfg = Debug|Any CPU
		{2A21E4D1-5691-4237-8746-DA0BD1CC3084}.Debug|x64.Build.0 = Debug|Any CPU
		{2A21E4D1-5691-4237-8746-DA0BD1CC3084}.Debug|x86.ActiveCfg = Debug|Any CPU
		{2A21E4D1-5691-4237-8746-DA0BD1CC3084}.Debug|x86.Build.0 = Debug|Any CPU
		{2A21E4D1-5691-4237-8746-DA0BD1CC3084}.Release|Any CPU.ActiveCfg = Release|Any CPU
		{2A21E4D1-5691-4237-8746-DA0BD1CC3084}.Release|Any CPU.Build.0 = Release|Any CPU
		{2A21E4D1-5691-4237-8746-DA0BD1CC3084}.Release|ARM.ActiveCfg = Release|Any CPU
		{2A21E4D1-5691-4237-8746-DA0BD1CC3084}.Release|ARM.Build.0 = Release|Any CPU
		{2A21E4D1-5691-4237-8746-DA0BD1CC3084}.Release|x64.ActiveCfg = Release|Any CPU
		{2A21E4D1-5691-4237-8746-DA0BD1CC3084}.Release|x64.Build.0 = Release|Any CPU
		{2A21E4D1-5691-4237-8746-DA0BD1CC3084}.Release|x86.ActiveCfg = Release|Any CPU
		{2A21E4D1-5691-4237-8746-DA0BD1CC3084}.Release|x86.Build.0 = Release|Any CPU
		{DF7DA3DA-0E77-4C9E-AFBC-3BDDF79F2B98}.Debug|Any CPU.ActiveCfg = Debug|Any CPU
		{DF7DA3DA-0E77-4C9E-AFBC-3BDDF79F2B98}.Debug|Any CPU.Build.0 = Debug|Any CPU
		{DF7DA3DA-0E77-4C9E-AFBC-3BDDF79F2B98}.Debug|ARM.ActiveCfg = Debug|Any CPU
		{DF7DA3DA-0E77-4C9E-AFBC-3BDDF79F2B98}.Debug|ARM.Build.0 = Debug|Any CPU
		{DF7DA3DA-0E77-4C9E-AFBC-3BDDF79F2B98}.Debug|x64.ActiveCfg = Debug|Any CPU
		{DF7DA3DA-0E77-4C9E-AFBC-3BDDF79F2B98}.Debug|x64.Build.0 = Debug|Any CPU
		{DF7DA3DA-0E77-4C9E-AFBC-3BDDF79F2B98}.Debug|x86.ActiveCfg = Debug|Any CPU
		{DF7DA3DA-0E77-4C9E-AFBC-3BDDF79F2B98}.Debug|x86.Build.0 = Debug|Any CPU
		{DF7DA3DA-0E77-4C9E-AFBC-3BDDF79F2B98}.Release|Any CPU.ActiveCfg = Release|Any CPU
		{DF7DA3DA-0E77-4C9E-AFBC-3BDDF79F2B98}.Release|Any CPU.Build.0 = Release|Any CPU
		{DF7DA3DA-0E77-4C9E-AFBC-3BDDF79F2B98}.Release|ARM.ActiveCfg = Release|Any CPU
		{DF7DA3DA-0E77-4C9E-AFBC-3BDDF79F2B98}.Release|ARM.Build.0 = Release|Any CPU
		{DF7DA3DA-0E77-4C9E-AFBC-3BDDF79F2B98}.Release|x64.ActiveCfg = Release|Any CPU
		{DF7DA3DA-0E77-4C9E-AFBC-3BDDF79F2B98}.Release|x64.Build.0 = Release|Any CPU
		{DF7DA3DA-0E77-4C9E-AFBC-3BDDF79F2B98}.Release|x86.ActiveCfg = Release|Any CPU
		{DF7DA3DA-0E77-4C9E-AFBC-3BDDF79F2B98}.Release|x86.Build.0 = Release|Any CPU
		{62B7824B-FCB3-425B-95B5-01E1134E6857}.Debug|Any CPU.ActiveCfg = Debug|x86
		{62B7824B-FCB3-425B-95B5-01E1134E6857}.Debug|ARM.ActiveCfg = Debug|ARM
		{62B7824B-FCB3-425B-95B5-01E1134E6857}.Debug|ARM.Build.0 = Debug|ARM
		{62B7824B-FCB3-425B-95B5-01E1134E6857}.Debug|ARM.Deploy.0 = Debug|ARM
		{62B7824B-FCB3-425B-95B5-01E1134E6857}.Debug|x64.ActiveCfg = Debug|x64
		{62B7824B-FCB3-425B-95B5-01E1134E6857}.Debug|x64.Build.0 = Debug|x64
		{62B7824B-FCB3-425B-95B5-01E1134E6857}.Debug|x64.Deploy.0 = Debug|x64
		{62B7824B-FCB3-425B-95B5-01E1134E6857}.Debug|x86.ActiveCfg = Debug|x86
		{62B7824B-FCB3-425B-95B5-01E1134E6857}.Debug|x86.Build.0 = Debug|x86
		{62B7824B-FCB3-425B-95B5-01E1134E6857}.Debug|x86.Deploy.0 = Debug|x86
		{62B7824B-FCB3-425B-95B5-01E1134E6857}.Release|Any CPU.ActiveCfg = Release|x86
		{62B7824B-FCB3-425B-95B5-01E1134E6857}.Release|ARM.ActiveCfg = Release|ARM
		{62B7824B-FCB3-425B-95B5-01E1134E6857}.Release|ARM.Build.0 = Release|ARM
		{62B7824B-FCB3-425B-95B5-01E1134E6857}.Release|ARM.Deploy.0 = Release|ARM
		{62B7824B-FCB3-425B-95B5-01E1134E6857}.Release|x64.ActiveCfg = Release|x64
		{62B7824B-FCB3-425B-95B5-01E1134E6857}.Release|x64.Build.0 = Release|x64
		{62B7824B-FCB3-425B-95B5-01E1134E6857}.Release|x64.Deploy.0 = Release|x64
		{62B7824B-FCB3-425B-95B5-01E1134E6857}.Release|x86.ActiveCfg = Release|x86
		{62B7824B-FCB3-425B-95B5-01E1134E6857}.Release|x86.Build.0 = Release|x86
		{62B7824B-FCB3-425B-95B5-01E1134E6857}.Release|x86.Deploy.0 = Release|x86
	EndGlobalSection
	GlobalSection(SolutionProperties) = preSolution
		HideSolutionNode = FALSE
	EndGlobalSection
	GlobalSection(ExtensibilityGlobals) = postSolution
		SolutionGuid = {A0123DC3-08A1-44B5-8E65-B92B936E8416}
	EndGlobalSection
EndGlobal
